// !$*UTF8*$!
{
	archiveVersion = 1;
	classes = {
	};
	objectVersion = 50;
	objects = {

/* Begin PBXBuildFile section */
		8D7572942273A95400C47F07 /* CalculatorButtonCollectionViewCell.swift in Sources */ = {isa = PBXBuildFile; fileRef = 8D7572932273A95400C47F07 /* CalculatorButtonCollectionViewCell.swift */; };
		8D829E1222725F92003905F3 /* AppDelegate.swift in Sources */ = {isa = PBXBuildFile; fileRef = 8D829E1122725F92003905F3 /* AppDelegate.swift */; };
		8D829E1422725F92003905F3 /* ViewController.swift in Sources */ = {isa = PBXBuildFile; fileRef = 8D829E1322725F92003905F3 /* ViewController.swift */; };
		8D829E1922725F94003905F3 /* Assets.xcassets in Resources */ = {isa = PBXBuildFile; fileRef = 8D829E1822725F94003905F3 /* Assets.xcassets */; };
		8D829E1C22725F94003905F3 /* LaunchScreen.storyboard in Resources */ = {isa = PBXBuildFile; fileRef = 8D829E1A22725F94003905F3 /* LaunchScreen.storyboard */; };
		8D829E2722725F95003905F3 /* CalculatorAppTests.swift in Sources */ = {isa = PBXBuildFile; fileRef = 8D829E2622725F95003905F3 /* CalculatorAppTests.swift */; };
		8D829E3222725F95003905F3 /* CalculatorAppUITests.swift in Sources */ = {isa = PBXBuildFile; fileRef = 8D829E3122725F95003905F3 /* CalculatorAppUITests.swift */; };
		8D829E4022726433003905F3 /* Calculator.swift in Sources */ = {isa = PBXBuildFile; fileRef = 8D829E3F22726433003905F3 /* Calculator.swift */; };
		8D829E4222726588003905F3 /* CalculatorTests.swift in Sources */ = {isa = PBXBuildFile; fileRef = 8D829E4122726588003905F3 /* CalculatorTests.swift */; };
		8D829E4722738AE7003905F3 /* NumberOutputLabel.swift in Sources */ = {isa = PBXBuildFile; fileRef = 8D829E4622738AE7003905F3 /* NumberOutputLabel.swift */; };
/* End PBXBuildFile section */

/* Begin PBXContainerItemProxy section */
		8D829E2322725F95003905F3 /* PBXContainerItemProxy */ = {
			isa = PBXContainerItemProxy;
			containerPortal = 8D829E0622725F92003905F3 /* Project object */;
			proxyType = 1;
			remoteGlobalIDString = 8D829E0D22725F92003905F3;
			remoteInfo = CalculatorApp;
		};
		8D829E2E22725F95003905F3 /* PBXContainerItemProxy */ = {
			isa = PBXContainerItemProxy;
			containerPortal = 8D829E0622725F92003905F3 /* Project object */;
			proxyType = 1;
			remoteGlobalIDString = 8D829E0D22725F92003905F3;
			remoteInfo = CalculatorApp;
		};
/* End PBXContainerItemProxy section */

/* Begin PBXFileReference section */
		8D7572932273A95400C47F07 /* CalculatorButtonCollectionViewCell.swift */ = {isa = PBXFileReference; lastKnownFileType = sourcecode.swift; path = CalculatorButtonCollectionViewCell.swift; sourceTree = "<group>"; };
		8D829E0E22725F92003905F3 /* CalculatorApp.app */ = {isa = PBXFileReference; explicitFileType = wrapper.application; includeInIndex = 0; path = CalculatorApp.app; sourceTree = BUILT_PRODUCTS_DIR; };
		8D829E1122725F92003905F3 /* AppDelegate.swift */ = {isa = PBXFileReference; lastKnownFileType = sourcecode.swift; path = AppDelegate.swift; sourceTree = "<group>"; };
		8D829E1322725F92003905F3 /* ViewController.swift */ = {isa = PBXFileReference; lastKnownFileType = sourcecode.swift; path = ViewController.swift; sourceTree = "<group>"; };
		8D829E1822725F94003905F3 /* Assets.xcassets */ = {isa = PBXFileReference; lastKnownFileType = folder.assetcatalog; path = Assets.xcassets; sourceTree = "<group>"; };
		8D829E1B22725F94003905F3 /* Base */ = {isa = PBXFileReference; lastKnownFileType = file.storyboard; name = Base; path = Base.lproj/LaunchScreen.storyboard; sourceTree = "<group>"; };
		8D829E1D22725F94003905F3 /* Info.plist */ = {isa = PBXFileReference; lastKnownFileType = text.plist.xml; path = Info.plist; sourceTree = "<group>"; };
		8D829E2222725F95003905F3 /* CalculatorAppTests.xctest */ = {isa = PBXFileReference; explicitFileType = wrapper.cfbundle; includeInIndex = 0; path = CalculatorAppTests.xctest; sourceTree = BUILT_PRODUCTS_DIR; };
		8D829E2622725F95003905F3 /* CalculatorAppTests.swift */ = {isa = PBXFileReference; lastKnownFileType = sourcecode.swift; path = CalculatorAppTests.swift; sourceTree = "<group>"; };
		8D829E2822725F95003905F3 /* Info.plist */ = {isa = PBXFileReference; lastKnownFileType = text.plist.xml; path = Info.plist; sourceTree = "<group>"; };
		8D829E2D22725F95003905F3 /* CalculatorAppUITests.xctest */ = {isa = PBXFileReference; explicitFileType = wrapper.cfbundle; includeInIndex = 0; path = CalculatorAppUITests.xctest; sourceTree = BUILT_PRODUCTS_DIR; };
		8D829E3122725F95003905F3 /* CalculatorAppUITests.swift */ = {isa = PBXFileReference; lastKnownFileType = sourcecode.swift; path = CalculatorAppUITests.swift; sourceTree = "<group>"; };
		8D829E3322725F95003905F3 /* Info.plist */ = {isa = PBXFileReference; lastKnownFileType = text.plist.xml; path = Info.plist; sourceTree = "<group>"; };
		8D829E3F22726433003905F3 /* Calculator.swift */ = {isa = PBXFileReference; lastKnownFileType = sourcecode.swift; path = Calculator.swift; sourceTree = "<group>"; };
		8D829E4122726588003905F3 /* CalculatorTests.swift */ = {isa = PBXFileReference; lastKnownFileType = sourcecode.swift; path = CalculatorTests.swift; sourceTree = "<group>"; };
		8D829E4622738AE7003905F3 /* NumberOutputLabel.swift */ = {isa = PBXFileReference; lastKnownFileType = sourcecode.swift; path = NumberOutputLabel.swift; sourceTree = "<group>"; };
/* End PBXFileReference section */

/* Begin PBXFrameworksBuildPhase section */
		8D829E0B22725F92003905F3 /* Frameworks */ = {
			isa = PBXFrameworksBuildPhase;
			buildActionMask = 2147483647;
			files = (
			);
			runOnlyForDeploymentPostprocessing = 0;
		};
		8D829E1F22725F95003905F3 /* Frameworks */ = {
			isa = PBXFrameworksBuildPhase;
			buildActionMask = 2147483647;
			files = (
			);
			runOnlyForDeploymentPostprocessing = 0;
		};
		8D829E2A22725F95003905F3 /* Frameworks */ = {
			isa = PBXFrameworksBuildPhase;
			buildActionMask = 2147483647;
			files = (
			);
			runOnlyForDeploymentPostprocessing = 0;
		};
/* End PBXFrameworksBuildPhase section */

/* Begin PBXGroup section */
		8D829E0522725F92003905F3 = {
			isa = PBXGroup;
			children = (
				8D829E1022725F92003905F3 /* CalculatorApp */,
				8D829E2522725F95003905F3 /* CalculatorAppTests */,
				8D829E3022725F95003905F3 /* CalculatorAppUITests */,
				8D829E0F22725F92003905F3 /* Products */,
			);
			sourceTree = "<group>";
		};
		8D829E0F22725F92003905F3 /* Products */ = {
			isa = PBXGroup;
			children = (
				8D829E0E22725F92003905F3 /* CalculatorApp.app */,
				8D829E2222725F95003905F3 /* CalculatorAppTests.xctest */,
				8D829E2D22725F95003905F3 /* CalculatorAppUITests.xctest */,
			);
			name = Products;
			sourceTree = "<group>";
		};
		8D829E1022725F92003905F3 /* CalculatorApp */ = {
			isa = PBXGroup;
			children = (
				8D829E4322738A71003905F3 /* Models */,
				8D829E4422738A7D003905F3 /* Views */,
				8D829E4522738A84003905F3 /* Controllers */,
				8D829E1122725F92003905F3 /* AppDelegate.swift */,
				8D829E1822725F94003905F3 /* Assets.xcassets */,
				8D829E1A22725F94003905F3 /* LaunchScreen.storyboard */,
				8D829E1D22725F94003905F3 /* Info.plist */,
			);
			path = CalculatorApp;
			sourceTree = "<group>";
		};
		8D829E2522725F95003905F3 /* CalculatorAppTests */ = {
			isa = PBXGroup;
			children = (
				8D829E4122726588003905F3 /* CalculatorTests.swift */,
				8D829E2622725F95003905F3 /* CalculatorAppTests.swift */,
				8D829E2822725F95003905F3 /* Info.plist */,
			);
			path = CalculatorAppTests;
			sourceTree = "<group>";
		};
		8D829E3022725F95003905F3 /* CalculatorAppUITests */ = {
			isa = PBXGroup;
			children = (
				8D829E3122725F95003905F3 /* CalculatorAppUITests.swift */,
				8D829E3322725F95003905F3 /* Info.plist */,
			);
			path = CalculatorAppUITests;
			sourceTree = "<group>";
		};
		8D829E4322738A71003905F3 /* Models */ = {
			isa = PBXGroup;
			children = (
				8D829E3F22726433003905F3 /* Calculator.swift */,
			);
			path = Models;
			sourceTree = "<group>";
		};
		8D829E4422738A7D003905F3 /* Views */ = {
			isa = PBXGroup;
			children = (
				8D829E4622738AE7003905F3 /* NumberOutputLabel.swift */,
				8D7572932273A95400C47F07 /* CalculatorButtonCollectionViewCell.swift */,
			);
			path = Views;
			sourceTree = "<group>";
		};
		8D829E4522738A84003905F3 /* Controllers */ = {
			isa = PBXGroup;
			children = (
				8D829E1322725F92003905F3 /* ViewController.swift */,
			);
			path = Controllers;
			sourceTree = "<group>";
		};
/* End PBXGroup section */

/* Begin PBXNativeTarget section */
		8D829E0D22725F92003905F3 /* CalculatorApp */ = {
			isa = PBXNativeTarget;
			buildConfigurationList = 8D829E3622725F95003905F3 /* Build configuration list for PBXNativeTarget "CalculatorApp" */;
			buildPhases = (
				8D829E0A22725F92003905F3 /* Sources */,
				8D829E0B22725F92003905F3 /* Frameworks */,
				8D829E0C22725F92003905F3 /* Resources */,
			);
			buildRules = (
			);
			dependencies = (
			);
			name = CalculatorApp;
			productName = CalculatorApp;
			productReference = 8D829E0E22725F92003905F3 /* CalculatorApp.app */;
			productType = "com.apple.product-type.application";
		};
		8D829E2122725F95003905F3 /* CalculatorAppTests */ = {
			isa = PBXNativeTarget;
			buildConfigurationList = 8D829E3922725F95003905F3 /* Build configuration list for PBXNativeTarget "CalculatorAppTests" */;
			buildPhases = (
				8D829E1E22725F95003905F3 /* Sources */,
				8D829E1F22725F95003905F3 /* Frameworks */,
				8D829E2022725F95003905F3 /* Resources */,
			);
			buildRules = (
			);
			dependencies = (
				8D829E2422725F95003905F3 /* PBXTargetDependency */,
			);
			name = CalculatorAppTests;
			productName = CalculatorAppTests;
			productReference = 8D829E2222725F95003905F3 /* CalculatorAppTests.xctest */;
			productType = "com.apple.product-type.bundle.unit-test";
		};
		8D829E2C22725F95003905F3 /* CalculatorAppUITests */ = {
			isa = PBXNativeTarget;
			buildConfigurationList = 8D829E3C22725F95003905F3 /* Build configuration list for PBXNativeTarget "CalculatorAppUITests" */;
			buildPhases = (
				8D829E2922725F95003905F3 /* Sources */,
				8D829E2A22725F95003905F3 /* Frameworks */,
				8D829E2B22725F95003905F3 /* Resources */,
			);
			buildRules = (
			);
			dependencies = (
				8D829E2F22725F95003905F3 /* PBXTargetDependency */,
			);
			name = CalculatorAppUITests;
			productName = CalculatorAppUITests;
			productReference = 8D829E2D22725F95003905F3 /* CalculatorAppUITests.xctest */;
			productType = "com.apple.product-type.bundle.ui-testing";
		};
/* End PBXNativeTarget section */

/* Begin PBXProject section */
		8D829E0622725F92003905F3 /* Project object */ = {
			isa = PBXProject;
			attributes = {
				LastSwiftUpdateCheck = 1020;
				LastUpgradeCheck = 1020;
				ORGANIZATIONNAME = AppsByLukas;
				TargetAttributes = {
					8D829E0D22725F92003905F3 = {
						CreatedOnToolsVersion = 10.2.1;
					};
					8D829E2122725F95003905F3 = {
						CreatedOnToolsVersion = 10.2.1;
						TestTargetID = 8D829E0D22725F92003905F3;
					};
					8D829E2C22725F95003905F3 = {
						CreatedOnToolsVersion = 10.2.1;
						TestTargetID = 8D829E0D22725F92003905F3;
					};
				};
			};
			buildConfigurationList = 8D829E0922725F92003905F3 /* Build configuration list for PBXProject "CalculatorApp" */;
			compatibilityVersion = "Xcode 9.3";
			developmentRegion = en;
			hasScannedForEncodings = 0;
			knownRegions = (
				en,
				Base,
			);
			mainGroup = 8D829E0522725F92003905F3;
			productRefGroup = 8D829E0F22725F92003905F3 /* Products */;
			projectDirPath = "";
			projectRoot = "";
			targets = (
				8D829E0D22725F92003905F3 /* CalculatorApp */,
				8D829E2122725F95003905F3 /* CalculatorAppTests */,
				8D829E2C22725F95003905F3 /* CalculatorAppUITests */,
			);
		};
/* End PBXProject section */

/* Begin PBXResourcesBuildPhase section */
		8D829E0C22725F92003905F3 /* Resources */ = {
			isa = PBXResourcesBuildPhase;
			buildActionMask = 2147483647;
			files = (
				8D829E1C22725F94003905F3 /* LaunchScreen.storyboard in Resources */,
				8D829E1922725F94003905F3 /* Assets.xcassets in Resources */,
			);
			runOnlyForDeploymentPostprocessing = 0;
		};
		8D829E2022725F95003905F3 /* Resources */ = {
			isa = PBXResourcesBuildPhase;
			buildActionMask = 2147483647;
			files = (
			);
			runOnlyForDeploymentPostprocessing = 0;
		};
		8D829E2B22725F95003905F3 /* Resources */ = {
			isa = PBXResourcesBuildPhase;
			buildActionMask = 2147483647;
			files = (
			);
			runOnlyForDeploymentPostprocessing = 0;
		};
/* End PBXResourcesBuildPhase section */

/* Begin PBXSourcesBuildPhase section */
		8D829E0A22725F92003905F3 /* Sources */ = {
			isa = PBXSourcesBuildPhase;
			buildActionMask = 2147483647;
			files = (
				8D829E4722738AE7003905F3 /* NumberOutputLabel.swift in Sources */,
				8D829E1422725F92003905F3 /* ViewController.swift in Sources */,
				8D829E1222725F92003905F3 /* AppDelegate.swift in Sources */,
				8D7572942273A95400C47F07 /* CalculatorButtonCollectionViewCell.swift in Sources */,
				8D829E4022726433003905F3 /* Calculator.swift in Sources */,
			);
			runOnlyForDeploymentPostprocessing = 0;
		};
		8D829E1E22725F95003905F3 /* Sources */ = {
			isa = PBXSourcesBuildPhase;
			buildActionMask = 2147483647;
			files = (
				8D829E2722725F95003905F3 /* CalculatorAppTests.swift in Sources */,
				8D829E4222726588003905F3 /* CalculatorTests.swift in Sources */,
			);
			runOnlyForDeploymentPostprocessing = 0;
		};
		8D829E2922725F95003905F3 /* Sources */ = {
			isa = PBXSourcesBuildPhase;
			buildActionMask = 2147483647;
			files = (
				8D829E3222725F95003905F3 /* CalculatorAppUITests.swift in Sources */,
			);
			runOnlyForDeploymentPostprocessing = 0;
		};
/* End PBXSourcesBuildPhase section */

/* Begin PBXTargetDependency section */
		8D829E2422725F95003905F3 /* PBXTargetDependency */ = {
			isa = PBXTargetDependency;
			target = 8D829E0D22725F92003905F3 /* CalculatorApp */;
			targetProxy = 8D829E2322725F95003905F3 /* PBXContainerItemProxy */;
		};
		8D829E2F22725F95003905F3 /* PBXTargetDependency */ = {
			isa = PBXTargetDependency;
			target = 8D829E0D22725F92003905F3 /* CalculatorApp */;
			targetProxy = 8D829E2E22725F95003905F3 /* PBXContainerItemProxy */;
		};
/* End PBXTargetDependency section */

/* Begin PBXVariantGroup section */
		8D829E1A22725F94003905F3 /* LaunchScreen.storyboard */ = {
			isa = PBXVariantGroup;
			children = (
				8D829E1B22725F94003905F3 /* Base */,
			);
			name = LaunchScreen.storyboard;
			sourceTree = "<group>";
		};
/* End PBXVariantGroup section */

/* Begin XCBuildConfiguration section */
		8D829E3422725F95003905F3 /* Debug */ = {
			isa = XCBuildConfiguration;
			buildSettings = {
				ALWAYS_SEARCH_USER_PATHS = NO;
				CLANG_ANALYZER_NONNULL = YES;
				CLANG_ANALYZER_NUMBER_OBJECT_CONVERSION = YES_AGGRESSIVE;
				CLANG_CXX_LANGUAGE_STANDARD = "gnu++14";
				CLANG_CXX_LIBRARY = "libc++";
				CLANG_ENABLE_MODULES = YES;
				CLANG_ENABLE_OBJC_ARC = YES;
				CLANG_ENABLE_OBJC_WEAK = YES;
				CLANG_WARN_BLOCK_CAPTURE_AUTORELEASING = YES;
				CLANG_WARN_BOOL_CONVERSION = YES;
				CLANG_WARN_COMMA = YES;
				CLANG_WARN_CONSTANT_CONVERSION = YES;
				CLANG_WARN_DEPRECATED_OBJC_IMPLEMENTATIONS = YES;
				CLANG_WARN_DIRECT_OBJC_ISA_USAGE = YES_ERROR;
				CLANG_WARN_DOCUMENTATION_COMMENTS = YES;
				CLANG_WARN_EMPTY_BODY = YES;
				CLANG_WARN_ENUM_CONVERSION = YES;
				CLANG_WARN_INFINITE_RECURSION = YES;
				CLANG_WARN_INT_CONVERSION = YES;
				CLANG_WARN_NON_LITERAL_NULL_CONVERSION = YES;
				CLANG_WARN_OBJC_IMPLICIT_RETAIN_SELF = YES;
				CLANG_WARN_OBJC_LITERAL_CONVERSION = YES;
				CLANG_WARN_OBJC_ROOT_CLASS = YES_ERROR;
				CLANG_WARN_RANGE_LOOP_ANALYSIS = YES;
				CLANG_WARN_STRICT_PROTOTYPES = YES;
				CLANG_WARN_SUSPICIOUS_MOVE = YES;
				CLANG_WARN_UNGUARDED_AVAILABILITY = YES_AGGRESSIVE;
				CLANG_WARN_UNREACHABLE_CODE = YES;
				CLANG_WARN__DUPLICATE_METHOD_MATCH = YES;
				CODE_SIGN_IDENTITY = "iPhone Developer";
				COPY_PHASE_STRIP = NO;
				DEBUG_INFORMATION_FORMAT = dwarf;
				ENABLE_STRICT_OBJC_MSGSEND = YES;
				ENABLE_TESTABILITY = YES;
				GCC_C_LANGUAGE_STANDARD = gnu11;
				GCC_DYNAMIC_NO_PIC = NO;
				GCC_NO_COMMON_BLOCKS = YES;
				GCC_OPTIMIZATION_LEVEL = 0;
				GCC_PREPROCESSOR_DEFINITIONS = (
					"DEBUG=1",
					"$(inherited)",
				);
				GCC_WARN_64_TO_32_BIT_CONVERSION = YES;
				GCC_WARN_ABOUT_RETURN_TYPE = YES_ERROR;
				GCC_WARN_UNDECLARED_SELECTOR = YES;
				GCC_WARN_UNINITIALIZED_AUTOS = YES_AGGRESSIVE;
				GCC_WARN_UNUSED_FUNCTION = YES;
				GCC_WARN_UNUSED_VARIABLE = YES;
				IPHONEOS_DEPLOYMENT_TARGET = 12.2;
				MTL_ENABLE_DEBUG_INFO = INCLUDE_SOURCE;
				MTL_FAST_MATH = YES;
				ONLY_ACTIVE_ARCH = YES;
				SDKROOT = iphoneos;
				SWIFT_ACTIVE_COMPILATION_CONDITIONS = DEBUG;
				SWIFT_OPTIMIZATION_LEVEL = "-Onone";
			};
			name = Debug;
		};
		8D829E3522725F95003905F3 /* Release */ = {
			isa = XCBuildConfiguration;
			buildSettings = {
				ALWAYS_SEARCH_USER_PATHS = NO;
				CLANG_ANALYZER_NONNULL = YES;
				CLANG_ANALYZER_NUMBER_OBJECT_CONVERSION = YES_AGGRESSIVE;
				CLANG_CXX_LANGUAGE_STANDARD = "gnu++14";
				CLANG_CXX_LIBRARY = "libc++";
				CLANG_ENABLE_MODULES = YES;
				CLANG_ENABLE_OBJC_ARC = YES;
				CLANG_ENABLE_OBJC_WEAK = YES;
				CLANG_WARN_BLOCK_CAPTURE_AUTORELEASING = YES;
				CLANG_WARN_BOOL_CONVERSION = YES;
				CLANG_WARN_COMMA = YES;
				CLANG_WARN_CONSTANT_CONVERSION = YES;
				CLANG_WARN_DEPRECATED_OBJC_IMPLEMENTATIONS = YES;
				CLANG_WARN_DIRECT_OBJC_ISA_USAGE = YES_ERROR;
				CLANG_WARN_DOCUMENTATION_COMMENTS = YES;
				CLANG_WARN_EMPTY_BODY = YES;
				CLANG_WARN_ENUM_CONVERSION = YES;
				CLANG_WARN_INFINITE_RECURSION = YES;
				CLANG_WARN_INT_CONVERSION = YES;
				CLANG_WARN_NON_LITERAL_NULL_CONVERSION = YES;
				CLANG_WARN_OBJC_IMPLICIT_RETAIN_SELF = YES;
				CLANG_WARN_OBJC_LITERAL_CONVERSION = YES;
				CLANG_WARN_OBJC_ROOT_CLASS = YES_ERROR;
				CLANG_WARN_RANGE_LOOP_ANALYSIS = YES;
				CLANG_WARN_STRICT_PROTOTYPES = YES;
				CLANG_WARN_SUSPICIOUS_MOVE = YES;
				CLANG_WARN_UNGUARDED_AVAILABILITY = YES_AGGRESSIVE;
				CLANG_WARN_UNREACHABLE_CODE = YES;
				CLANG_WARN__DUPLICATE_METHOD_MATCH = YES;
				CODE_SIGN_IDENTITY = "iPhone Developer";
				COPY_PHASE_STRIP = NO;
				DEBUG_INFORMATION_FORMAT = "dwarf-with-dsym";
				ENABLE_NS_ASSERTIONS = NO;
				ENABLE_STRICT_OBJC_MSGSEND = YES;
				GCC_C_LANGUAGE_STANDARD = gnu11;
				GCC_NO_COMMON_BLOCKS = YES;
				GCC_WARN_64_TO_32_BIT_CONVERSION = YES;
				GCC_WARN_ABOUT_RETURN_TYPE = YES_ERROR;
				GCC_WARN_UNDECLARED_SELECTOR = YES;
				GCC_WARN_UNINITIALIZED_AUTOS = YES_AGGRESSIVE;
				GCC_WARN_UNUSED_FUNCTION = YES;
				GCC_WARN_UNUSED_VARIABLE = YES;
				IPHONEOS_DEPLOYMENT_TARGET = 12.2;
				MTL_ENABLE_DEBUG_INFO = NO;
				MTL_FAST_MATH = YES;
				SDKROOT = iphoneos;
				SWIFT_COMPILATION_MODE = wholemodule;
				SWIFT_OPTIMIZATION_LEVEL = "-O";
				VALIDATE_PRODUCT = YES;
			};
			name = Release;
		};
		8D829E3722725F95003905F3 /* Debug */ = {
			isa = XCBuildConfiguration;
			buildSettings = {
				ASSETCATALOG_COMPILER_APPICON_NAME = AppIcon;
				CODE_SIGN_STYLE = Automatic;
				DEVELOPMENT_TEAM = B96QXD8K8E;
				INFOPLIST_FILE = CalculatorApp/Info.plist;
				LD_RUNPATH_SEARCH_PATHS = (
					"$(inherited)",
					"@executable_path/Frameworks",
				);
				PRODUCT_BUNDLE_IDENTIFIER = com.appsbylukas.CalculatorApp;
				PRODUCT_NAME = "$(TARGET_NAME)";
				SWIFT_VERSION = 5.0;
				TARGETED_DEVICE_FAMILY = "1,2";
			};
			name = Debug;
		};
		8D829E3822725F95003905F3 /* Release */ = {
			isa = XCBuildConfiguration;
			buildSettings = {
				ASSETCATALOG_COMPILER_APPICON_NAME = AppIcon;
				CODE_SIGN_STYLE = Automatic;
				DEVELOPMENT_TEAM = B96QXD8K8E;
				INFOPLIST_FILE = CalculatorApp/Info.plist;
				LD_RUNPATH_SEARCH_PATHS = (
					"$(inherited)",
					"@executable_path/Frameworks",
				);
				PRODUCT_BUNDLE_IDENTIFIER = com.appsbylukas.CalculatorApp;
				PRODUCT_NAME = "$(TARGET_NAME)";
				SWIFT_VERSION = 5.0;
				TARGETED_DEVICE_FAMILY = "1,2";
			};
			name = Release;
		};
		8D829E3A22725F95003905F3 /* Debug */ = {
			isa = XCBuildConfiguration;
			buildSettings = {
				ALWAYS_EMBED_SWIFT_STANDARD_LIBRARIES = YES;
				BUNDLE_LOADER = "$(TEST_HOST)";
				CODE_SIGN_STYLE = Automatic;
				DEVELOPMENT_TEAM = B96QXD8K8E;
				INFOPLIST_FILE = CalculatorAppTests/Info.plist;
				LD_RUNPATH_SEARCH_PATHS = (
					"$(inherited)",
					"@executable_path/Frameworks",
					"@loader_path/Frameworks",
				);
				PRODUCT_BUNDLE_IDENTIFIER = com.appsbylukas.CalculatorAppTests;
				PRODUCT_NAME = "$(TARGET_NAME)";
				SWIFT_VERSION = 5.0;
				TARGETED_DEVICE_FAMILY = "1,2";
				TEST_HOST = "$(BUILT_PRODUCTS_DIR)/CalculatorApp.app/CalculatorApp";
			};
			name = Debug;
		};
		8D829E3B22725F95003905F3 /* Release */ = {
			isa = XCBuildConfiguration;
			buildSettings = {
				ALWAYS_EMBED_SWIFT_STANDARD_LIBRARIES = YES;
				BUNDLE_LOADER = "$(TEST_HOST)";
				CODE_SIGN_STYLE = Automatic;
				DEVELOPMENT_TEAM = B96QXD8K8E;
				INFOPLIST_FILE = CalculatorAppTests/Info.plist;
				LD_RUNPATH_SEARCH_PATHS = (
					"$(inherited)",
					"@executable_path/Frameworks",
					"@loader_path/Frameworks",
				);
				PRODUCT_BUNDLE_IDENTIFIER = com.appsbylukas.CalculatorAppTests;
				PRODUCT_NAME = "$(TARGET_NAME)";
				SWIFT_VERSION = 5.0;
				TARGETED_DEVICE_FAMILY = "1,2";
				TEST_HOST = "$(BUILT_PRODUCTS_DIR)/CalculatorApp.app/CalculatorApp";
			};
			name = Release;
		};
		8D829E3D22725F95003905F3 /* Debug */ = {
			isa = XCBuildConfiguration;
			buildSettings = {
				ALWAYS_EMBED_SWIFT_STANDARD_LIBRARIES = YES;
				CODE_SIGN_STYLE = Automatic;
				DEVELOPMENT_TEAM = B96QXD8K8E;
				INFOPLIST_FILE = CalculatorAppUITests/Info.plist;
				LD_RUNPATH_SEARCH_PATHS = (
					"$(inherited)",
					"@executable_path/Frameworks",
					"@loader_path/Frameworks",
				);
				PRODUCT_BUNDLE_IDENTIFIER = com.appsbylukas.CalculatorAppUITests;
				PRODUCT_NAME = "$(TARGET_NAME)";
				SWIFT_VERSION = 5.0;
				TARGETED_DEVICE_FAMILY = "1,2";
				TEST_TARGET_NAME = CalculatorApp;
			};
			name = Debug;
		};
		8D829E3E22725F95003905F3 /* Release */ = {
			isa = XCBuildConfiguration;
			buildSettings = {
				ALWAYS_EMBED_SWIFT_STANDARD_LIBRARIES = YES;
				CODE_SIGN_STYLE = Automatic;
				DEVELOPMENT_TEAM = B96QXD8K8E;
				INFOPLIST_FILE = CalculatorAppUITests/Info.plist;
				LD_RUNPATH_SEARCH_PATHS = (
					"$(inherited)",
					"@executable_path/Frameworks",
					"@loader_path/Frameworks",
				);
				PRODUCT_BUNDLE_IDENTIFIER = com.appsbylukas.CalculatorAppUITests;
				PRODUCT_NAME = "$(TARGET_NAME)";
				SWIFT_VERSION = 5.0;
				TARGETED_DEVICE_FAMILY = "1,2";
				TEST_TARGET_NAME = CalculatorApp;
			};
			name = Release;
		};
/* End XCBuildConfiguration section */

/* Begin XCConfigurationList section */
		8D829E0922725F92003905F3 /* Build configuration list for PBXProject "CalculatorApp" */ = {
			isa = XCConfigurationList;
			buildConfigurations = (
				8D829E3422725F95003905F3 /* Debug */,
				8D829E3522725F95003905F3 /* Release */,
			);
			defaultConfigurationIsVisible = 0;
			defaultConfigurationName = Release;
		};
		8D829E3622725F95003905F3 /* Build configuration list for PBXNativeTarget "CalculatorApp" */ = {
			isa = XCConfigurationList;
			buildConfigurations = (
				8D829E3722725F95003905F3 /* Debug */,
				8D829E3822725F95003905F3 /* Release */,
			);
			defaultConfigurationIsVisible = 0;
			defaultConfigurationName = Release;
		};
		8D829E3922725F95003905F3 /* Build configuration list for PBXNativeTarget "CalculatorAppTests" */ = {
			isa = XCConfigurationList;
			buildConfigurations = (
				8D829E3A22725F95003905F3 /* Debug */,
				8D829E3B22725F95003905F3 /* Release */,
			);
			defaultConfigurationIsVisible = 0;
			defaultConfigurationName = Release;
		};
		8D829E3C22725F95003905F3 /* Build configuration list for PBXNativeTarget "CalculatorAppUITests" */ = {
			isa = XCConfigurationList;
			buildConfigurations = (
				8D829E3D22725F95003905F3 /* Debug */,
				8D829E3E22725F95003905F3 /* Release */,
			);
			defaultConfigurationIsVisible = 0;
			defaultConfigurationName = Release;
		};
/* End XCConfigurationList section */
	};
	rootObject = 8D829E0622725F92003905F3 /* Project object */;
}
